# generated by rye
# use `rye lock` or `rye sync` to update this lockfile
#
# last locked with the following flags:
#   pre: false
#   features: []
#   all-features: false
#   with-sources: false
#   generate-hashes: false
#   universal: false

-e file:.
click==8.2.1
    # via dask
cloudpickle==3.1.1
    # via dask
dask==2025.7.0
    # via cacheable
fsspec==2025.7.0
    # via cacheable
    # via dask
iniconfig==2.1.0
    # via pytest
locket==1.0.0
    # via partd
numpy==2.3.2
    # via dask
    # via pandas
packaging==25.0
    # via dask
    # via pytest
pandas==2.3.1
    # via cacheable
    # via dask
partd==1.4.2
    # via dask
pluggy==1.6.0
    # via pytest
pyarrow==21.0.0
    # via dask
pygments==2.19.2
    # via pytest
pytest==8.4.1
    # via cacheable
python-dateutil==2.9.0.post0
    # via pandas
pytz==2025.2
    # via pandas
pyyaml==6.0.2
    # via dask
six==1.17.0
    # via python-dateutil
sqlalchemy==2.0.42
    # via cacheable
toolz==1.0.0
    # via dask
    # via partd
typing-extensions==4.14.1
    # via sqlalchemy
tzdata==2025.2
    # via pandas
